{"is_source_file": false, "format": null, "description": "", "external_files": [], "external_methods": [], "published": [], "classes": [], "methods": [], "calls": [], "search-terms": [], "state": 2, "file_id": 8, "knowledge_revision": 28, "git_revision": "3393ffec137818ac42c50d5647c90ff28ecf52a2", "hash": "9c4ed7ef73e22b872b8055bec08b8979", "format-version": 4, "code-base-name": "default", "filename": "fundamental_rights_explorer/post_process_status.lock", "revision_history": [{"28": "3393ffec137818ac42c50d5647c90ff28ecf52a2"}]}