{"is_source_file": false, "format": "", "description": "", "external_files": [], "external_methods": [], "published": [], "classes": [], "methods": [], "calls": [], "search-terms": [], "state": 2, "file_id": 23, "knowledge_revision": 70, "git_revision": "7f26dbb6564812a97d044d169e221e9d59c74633", "hash": "e9b4c3b42cef0193b7fddb548d37e652", "format-version": 4, "code-base-name": "default", "filename": "fundamental_rights_explorer/post_process_status.lock", "revision_history": [{"70": "7f26dbb6564812a97d044d169e221e9d59c74633"}]}